
Microsoft Visual Studio Solution File, Format Version 12.00
# Visual Studio 15
VisualStudioVersion = 15.0.26403.3
MinimumVisualStudioVersion = 10.0.40219.1
Project("{FAE04EC0-301F-11D3-BF4B-00C04F79EFBC}") = "Fsd.Lukasz.Cs.Ex4.Web", "Fsd.Lukasz.Cs.Ex4\Fsd.Lukasz.Cs.Ex4.Web.csproj", "{EB091F52-F7A0-45BA-A0F8-2534D893412A}"
EndProject
Project("{FAE04EC0-301F-11D3-BF4B-00C04F79EFBC}") = "Fsd.Lukasz.Cs.Ex4.Services", "Fsd.Lukasz.Cs.Ex4.Service\Fsd.Lukasz.Cs.Ex4.Services.csproj", "{29E59CA5-9ED0-4942-828A-A868E297735A}"
EndProject
Project("{FAE04EC0-301F-11D3-BF4B-00C04F79EFBC}") = "Fsd.Lukasz.Cs.Ex4.Data", "Fsd.Lukasz.Cs.Ex4.Data\Fsd.Lukasz.Cs.Ex4.Data.csproj", "{1B86E46A-1DB9-467C-926C-ADBB1D6328B3}"
EndProject
Global
	GlobalSection(SolutionConfigurationPlatforms) = preSolution
		Debug|Any CPU = Debug|Any CPU
		Release|Any CPU = Release|Any CPU
	EndGlobalSection
	GlobalSection(ProjectConfigurationPlatforms) = postSolution
		{EB091F52-F7A0-45BA-A0F8-2534D893412A}.Debug|Any CPU.ActiveCfg = Debug|Any CPU
		{EB091F52-F7A0-45BA-A0F8-2534D893412A}.Debug|Any CPU.Build.0 = Debug|Any CPU
		{EB091F52-F7A0-45BA-A0F8-2534D893412A}.Release|Any CPU.ActiveCfg = Release|Any CPU
		{EB091F52-F7A0-45BA-A0F8-2534D893412A}.Release|Any CPU.Build.0 = Release|Any CPU
		{29E59CA5-9ED0-4942-828A-A868E297735A}.Debug|Any CPU.ActiveCfg = Debug|Any CPU
		{29E59CA5-9ED0-4942-828A-A868E297735A}.Debug|Any CPU.Build.0 = Debug|Any CPU
		{29E59CA5-9ED0-4942-828A-A868E297735A}.Release|Any CPU.ActiveCfg = Release|Any CPU
		{29E59CA5-9ED0-4942-828A-A868E297735A}.Release|Any CPU.Build.0 = Release|Any CPU
		{1B86E46A-1DB9-467C-926C-ADBB1D6328B3}.Debug|Any CPU.ActiveCfg = Debug|Any CPU
		{1B86E46A-1DB9-467C-926C-ADBB1D6328B3}.Debug|Any CPU.Build.0 = Debug|Any CPU
		{1B86E46A-1DB9-467C-926C-ADBB1D6328B3}.Release|Any CPU.ActiveCfg = Release|Any CPU
		{1B86E46A-1DB9-467C-926C-ADBB1D6328B3}.Release|Any CPU.Build.0 = Release|Any CPU
	EndGlobalSection
	GlobalSection(SolutionProperties) = preSolution
		HideSolutionNode = FALSE
	EndGlobalSection
EndGlobal
